// !$*UTF8*$!
{
	archiveVersion = 1;
	classes = {
	};
	objectVersion = 46;
	objects = {

/* Begin PBXBuildFile section */
		3E9250AF1C7B78EE00744747 /* main.m in Sources */ = {isa = PBXBuildFile; fileRef = 3E9250AE1C7B78EE00744747 /* main.m */; };
		3E9250B71C7B790F00744747 /* MMGetAppStorePrice.m in Sources */ = {isa = PBXBuildFile; fileRef = 3E9250B61C7B790F00744747 /* MMGetAppStorePrice.m */; };
/* End PBXBuildFile section */

/* Begin PBXCopyFilesBuildPhase section */
		3E9250A91C7B78EE00744747 /* CopyFiles */ = {
			isa = PBXCopyFilesBuildPhase;
			buildActionMask = 2147483647;
			dstPath = /usr/share/man/man1/;
			dstSubfolderSpec = 0;
			files = (
			);
			runOnlyForDeploymentPostprocessing = 1;
		};
/* End PBXCopyFilesBuildPhase section */

/* Begin PBXFileReference section */
		3E9250AB1C7B78EE00744747 /* MMGetAppStorePrice */ = {isa = PBXFileReference; explicitFileType = "compiled.mach-o.executable"; includeInIndex = 0; path = MMGetAppStorePrice; sourceTree = BUILT_PRODUCTS_DIR; };
		3E9250AE1C7B78EE00744747 /* main.m */ = {isa = PBXFileReference; lastKnownFileType = sourcecode.c.objc; path = main.m; sourceTree = "<group>"; };
		3E9250B51C7B790F00744747 /* MMGetAppStorePrice.h */ = {isa = PBXFileReference; fileEncoding = 4; lastKnownFileType = sourcecode.c.h; name = MMGetAppStorePrice.h; path = Classes/MMGetAppStorePrice.h; sourceTree = "<group>"; };
		3E9250B61C7B790F00744747 /* MMGetAppStorePrice.m */ = {isa = PBXFileReference; fileEncoding = 4; lastKnownFileType = sourcecode.c.objc; name = MMGetAppStorePrice.m; path = Classes/MMGetAppStorePrice.m; sourceTree = "<group>"; };
/* End PBXFileReference section */

/* Begin PBXFrameworksBuildPhase section */
		3E9250A81C7B78EE00744747 /* Frameworks */ = {
			isa = PBXFrameworksBuildPhase;
			buildActionMask = 2147483647;
			files = (
			);
			runOnlyForDeploymentPostprocessing = 0;
		};
/* End PBXFrameworksBuildPhase section */

/* Begin PBXGroup section */
		3E9250A21C7B78EE00744747 = {
			isa = PBXGroup;
			children = (
				3E9250AD1C7B78EE00744747 /* MMGetAppStorePrice */,
				3E9250AC1C7B78EE00744747 /* Products */,
			);
			sourceTree = "<group>";
		};
		3E9250AC1C7B78EE00744747 /* Products */ = {
			isa = PBXGroup;
			children = (
				3E9250AB1C7B78EE00744747 /* MMGetAppStorePrice */,
			);
			name = Products;
			sourceTree = "<group>";
		};
		3E9250AD1C7B78EE00744747 /* MMGetAppStorePrice */ = {
			isa = PBXGroup;
			children = (
				3E9250AE1C7B78EE00744747 /* main.m */,
				3E9250B51C7B790F00744747 /* MMGetAppStorePrice.h */,
				3E9250B61C7B790F00744747 /* MMGetAppStorePrice.m */,
			);
			path = MMGetAppStorePrice;
			sourceTree = "<group>";
		};
/* End PBXGroup section */

/* Begin PBXNativeTarget section */
		3E9250AA1C7B78EE00744747 /* MMGetAppStorePrice */ = {
			isa = PBXNativeTarget;
			buildConfigurationList = 3E9250B21C7B78EE00744747 /* Build configuration list for PBXNativeTarget "MMGetAppStorePrice" */;
			buildPhases = (
				3E9250A71C7B78EE00744747 /* Sources */,
				3E9250A81C7B78EE00744747 /* Frameworks */,
				3E9250A91C7B78EE00744747 /* CopyFiles */,
			);
			buildRules = (
			);
			dependencies = (
			);
			name = MMGetAppStorePrice;
			productName = MMGetAppStorePrice;
			productReference = 3E9250AB1C7B78EE00744747 /* MMGetAppStorePrice */;
			productType = "com.apple.product-type.tool";
		};
/* End PBXNativeTarget section */

/* Begin PBXProject section */
		3E9250A31C7B78EE00744747 /* Project object */ = {
			isa = PBXProject;
			attributes = {
				LastUpgradeCheck = 0720;
				ORGANIZATIONNAME = MunsterMade;
				TargetAttributes = {
					3E9250AA1C7B78EE00744747 = {
						CreatedOnToolsVersion = 7.2.1;
					};
				};
			};
			buildConfigurationList = 3E9250A61C7B78EE00744747 /* Build configuration list for PBXProject "MMGetAppStorePrice" */;
			compatibilityVersion = "Xcode 3.2";
			developmentRegion = English;
			hasScannedForEncodings = 0;
			knownRegions = (
				en,
			);
			mainGroup = 3E9250A21C7B78EE00744747;
			productRefGroup = 3E9250AC1C7B78EE00744747 /* Products */;
			projectDirPath = "";
			projectRoot = "";
			targets = (
				3E9250AA1C7B78EE00744747 /* MMGetAppStorePrice */,
			);
		};
/* End PBXProject section */

/* Begin PBXSourcesBuildPhase section */
		3E9250A71C7B78EE00744747 /* Sources */ = {
			isa = PBXSourcesBuildPhase;
			buildActionMask = 2147483647;
			files = (
				3E9250B71C7B790F00744747 /* MMGetAppStorePrice.m in Sources */,
				3E9250AF1C7B78EE00744747 /* main.m in Sources */,
			);
			runOnlyForDeploymentPostprocessing = 0;
		};
/* End PBXSourcesBuildPhase section */

/* Begin XCBuildConfiguration section */
		3E9250B01C7B78EE00744747 /* Debug */ = {
			isa = XCBuildConfiguration;
			buildSettings = {
				ALWAYS_SEARCH_USER_PATHS = NO;
				CLANG_CXX_LANGUAGE_STANDARD = "gnu++0x";
				CLANG_CXX_LIBRARY = "libc++";
				CLANG_ENABLE_MODULES = YES;
				CLANG_ENABLE_OBJC_ARC = YES;
				CLANG_WARN_BOOL_CONVERSION = YES;
				CLANG_WARN_CONSTANT_CONVERSION = YES;
				CLANG_WARN_DIRECT_OBJC_ISA_USAGE = YES_ERROR;
				CLANG_WARN_EMPTY_BODY = YES;
				CLANG_WARN_ENUM_CONVERSION = YES;
				CLANG_WARN_INT_CONVERSION = YES;
				CLANG_WARN_OBJC_ROOT_CLASS = YES_ERROR;
				CLANG_WARN_UNREACHABLE_CODE = YES;
				CLANG_WARN__DUPLICATE_METHOD_MATCH = YES;
				CODE_SIGN_IDENTITY = "-";
				COPY_PHASE_STRIP = NO;
				DEBUG_INFORMATION_FORMAT = dwarf;
				ENABLE_STRICT_OBJC_MSGSEND = YES;
				ENABLE_TESTABILITY = YES;
				GCC_C_LANGUAGE_STANDARD = gnu99;
				GCC_DYNAMIC_NO_PIC = NO;
				GCC_NO_COMMON_BLOCKS = YES;
				GCC_OPTIMIZATION_LEVEL = 0;
				GCC_PREPROCESSOR_DEFINITIONS = (
					"DEBUG=1",
					"$(inherited)",
				);
				GCC_WARN_64_TO_32_BIT_CONVERSION = YES;
				GCC_WARN_ABOUT_RETURN_TYPE = YES_ERROR;
				GCC_WARN_UNDECLARED_SELECTOR = YES;
				GCC_WARN_UNINITIALIZED_AUTOS = YES_AGGRESSIVE;
				GCC_WARN_UNUSED_FUNCTION = YES;
				GCC_WARN_UNUSED_VARIABLE = YES;
				MACOSX_DEPLOYMENT_TARGET = 10.7;
				MTL_ENABLE_DEBUG_INFO = YES;
				ONLY_ACTIVE_ARCH = YES;
				SDKROOT = macosx;
			};
			name = Debug;
		};
		3E9250B11C7B78EE00744747 /* Release */ = {
			isa = XCBuildConfiguration;
			buildSettings = {
				ALWAYS_SEARCH_USER_PATHS = NO;
				CLANG_CXX_LANGUAGE_STANDARD = "gnu++0x";
				CLANG_CXX_LIBRARY = "libc++";
				CLANG_ENABLE_MODULES = YES;
				CLANG_ENABLE_OBJC_ARC = YES;
				CLANG_WARN_BOOL_CONVERSION = YES;
				CLANG_WARN_CONSTANT_CONVERSION = YES;
				CLANG_WARN_DIRECT_OBJC_ISA_USAGE = YES_ERROR;
				CLANG_WARN_EMPTY_BODY = YES;
				CLANG_WARN_ENUM_CONVERSION = YES;
				CLANG_WARN_INT_CONVERSION = YES;
				CLANG_WARN_OBJC_ROOT_CLASS = YES_ERROR;
				CLANG_WARN_UNREACHABLE_CODE = YES;
				CLANG_WARN__DUPLICATE_METHOD_MATCH = YES;
				CODE_SIGN_IDENTITY = "-";
				COPY_PHASE_STRIP = NO;
				DEBUG_INFORMATION_FORMAT = "dwarf-with-dsym";
				ENABLE_NS_ASSERTIONS = NO;
				ENABLE_STRICT_OBJC_MSGSEND = YES;
				GCC_C_LANGUAGE_STANDARD = gnu99;
				GCC_NO_COMMON_BLOCKS = YES;
				GCC_WARN_64_TO_32_BIT_CONVERSION = YES;
				GCC_WARN_ABOUT_RETURN_TYPE = YES_ERROR;
				GCC_WARN_UNDECLARED_SELECTOR = YES;
				GCC_WARN_UNINITIALIZED_AUTOS = YES_AGGRESSIVE;
				GCC_WARN_UNUSED_FUNCTION = YES;
				GCC_WARN_UNUSED_VARIABLE = YES;
				MACOSX_DEPLOYMENT_TARGET = 10.7;
				MTL_ENABLE_DEBUG_INFO = NO;
				SDKROOT = macosx;
			};
			name = Release;
		};
		3E9250B31C7B78EE00744747 /* Debug */ = {
			isa = XCBuildConfiguration;
			buildSettings = {
				PRODUCT_NAME = "$(TARGET_NAME)";
			};
			name = Debug;
		};
		3E9250B41C7B78EE00744747 /* Release */ = {
			isa = XCBuildConfiguration;
			buildSettings = {
				PRODUCT_NAME = "$(TARGET_NAME)";
			};
			name = Release;
		};
/* End XCBuildConfiguration section */

/* Begin XCConfigurationList section */
		3E9250A61C7B78EE00744747 /* Build configuration list for PBXProject "MMGetAppStorePrice" */ = {
			isa = XCConfigurationList;
			buildConfigurations = (
				3E9250B01C7B78EE00744747 /* Debug */,
				3E9250B11C7B78EE00744747 /* Release */,
			);
			defaultConfigurationIsVisible = 0;
			defaultConfigurationName = Release;
		};
		3E9250B21C7B78EE00744747 /* Build configuration list for PBXNativeTarget "MMGetAppStorePrice" */ = {
			isa = XCConfigurationList;
			buildConfigurations = (
				3E9250B31C7B78EE00744747 /* Debug */,
				3E9250B41C7B78EE00744747 /* Release */,
			);
			defaultConfigurationIsVisible = 0;
			defaultConfigurationName = Release;
		};
/* End XCConfigurationList section */
	};
	rootObject = 3E9250A31C7B78EE00744747 /* Project object */;
}
